
Microsoft Visual Studio Solution File, Format Version 12.00
# Visual Studio Version 17
VisualStudioVersion = 17.11.35219.272
MinimumVisualStudioVersion = 10.0.40219.1
Project("{FAE04EC0-301F-11D3-BF4B-00C04F79EFBC}") = "VeterinaryClinic.API", "VeterinaryClinic.API\VeterinaryClinic.API.csproj", "{0CC347AA-6E59-4DD6-83AD-64B41D3E82CF}"
EndProject
Project("{FAE04EC0-301F-11D3-BF4B-00C04F79EFBC}") = "VeterinaryClinic.BLL", "VeterinaryClinic.BLL\VeterinaryClinic.BLL.csproj", "{5B25E098-C2A9-420B-B938-D52477D8951B}"
EndProject
Project("{FAE04EC0-301F-11D3-BF4B-00C04F79EFBC}") = "VeterinaryClinic.DAL", "VeterinaryClinic.DAL\VeterinaryClinic.DAL.csproj", "{199CC1D4-06AD-4250-A42C-7393D55BDD22}"
EndProject
Global
	GlobalSection(SolutionConfigurationPlatforms) = preSolution
		Debug|Any CPU = Debug|Any CPU
		Release|Any CPU = Release|Any CPU
	EndGlobalSection
	GlobalSection(ProjectConfigurationPlatforms) = postSolution
		{0CC347AA-6E59-4DD6-83AD-64B41D3E82CF}.Debug|Any CPU.ActiveCfg = Debug|Any CPU
		{0CC347AA-6E59-4DD6-83AD-64B41D3E82CF}.Debug|Any CPU.Build.0 = Debug|Any CPU
		{0CC347AA-6E59-4DD6-83AD-64B41D3E82CF}.Release|Any CPU.ActiveCfg = Release|Any CPU
		{0CC347AA-6E59-4DD6-83AD-64B41D3E82CF}.Release|Any CPU.Build.0 = Release|Any CPU
		{5B25E098-C2A9-420B-B938-D52477D8951B}.Debug|Any CPU.ActiveCfg = Debug|Any CPU
		{5B25E098-C2A9-420B-B938-D52477D8951B}.Debug|Any CPU.Build.0 = Debug|Any CPU
		{5B25E098-C2A9-420B-B938-D52477D8951B}.Release|Any CPU.ActiveCfg = Release|Any CPU
		{5B25E098-C2A9-420B-B938-D52477D8951B}.Release|Any CPU.Build.0 = Release|Any CPU
		{199CC1D4-06AD-4250-A42C-7393D55BDD22}.Debug|Any CPU.ActiveCfg = Debug|Any CPU
		{199CC1D4-06AD-4250-A42C-7393D55BDD22}.Debug|Any CPU.Build.0 = Debug|Any CPU
		{199CC1D4-06AD-4250-A42C-7393D55BDD22}.Release|Any CPU.ActiveCfg = Release|Any CPU
		{199CC1D4-06AD-4250-A42C-7393D55BDD22}.Release|Any CPU.Build.0 = Release|Any CPU
	EndGlobalSection
	GlobalSection(SolutionProperties) = preSolution
		HideSolutionNode = FALSE
	EndGlobalSection
	GlobalSection(ExtensibilityGlobals) = postSolution
		SolutionGuid = {AEC096CD-DB57-4CA8-8DBD-E90C29CBBB7A}
	EndGlobalSection
EndGlobal
